{
  "name": "test",
  "version": "1.0.0",
  "lockfileVersion": 1,
  "requires": true,
  "dependencies": {
    "lightininglord9-frame-print": {
      "version": "1.0.0",
      "resolved": "https://registry.npmjs.org/lightininglord9-frame-print/-/lightininglord9-frame-print-1.0.0.tgz",
      "integrity": "sha512-LMNnSu8fnIeQQow34YrgKeJvXORk+ufTm1LZyGVVVa4HZ4OQru5CNaBpg3r2Gnk9OeggoaBVFk8ibEkzP40Xkg=="
    }
  }
}
